Microsoft Visual Studio Solution File, Format Version 12.00
# Visual Studio Version 17
VisualStudioVersion = 17.5.2.0
MinimumVisualStudioVersion = 10.0.40219.1
Project("{FAE04EC0-301F-11D3-BF4B-00C04F79EFBC}") = "VendingMachine.Service", "VendingMachine.Service.csproj", "{CEBF552E-9A14-645F-A024-11246EC51C60}"
EndProject
Global
	GlobalSection(SolutionConfigurationPlatforms) = preSolution
		Debug|Any CPU = Debug|Any CPU
		Release|Any CPU = Release|Any CPU
	EndGlobalSection
	GlobalSection(ProjectConfigurationPlatforms) = postSolution
		{CEBF552E-9A14-645F-A024-11246EC51C60}.Debug|Any CPU.ActiveCfg = Debug|Any CPU
		{CEBF552E-9A14-645F-A024-11246EC51C60}.Debug|Any CPU.Build.0 = Debug|Any CPU
		{CEBF552E-9A14-645F-A024-11246EC51C60}.Release|Any CPU.ActiveCfg = Release|Any CPU
		{CEBF552E-9A14-645F-A024-11246EC51C60}.Release|Any CPU.Build.0 = Release|Any CPU
	EndGlobalSection
	GlobalSection(SolutionProperties) = preSolution
		HideSolutionNode = FALSE
	EndGlobalSection
	GlobalSection(ExtensibilityGlobals) = postSolution
		SolutionGuid = {8DAF451A-BD28-468C-9B53-C6655B635968}
	EndGlobalSection
EndGlobal
